github.com/AllenDang/giu v0.5.7-0.20210927075207-eff40f64dad5 h1:mFzajUJg06Dcc5tAhfUL2z7aYHXvtiNOKZI2UmoobdI=
github.com/AllenDang/giu v0.5.7-0.20210927075207-eff40f64dad5/go.mod h1:EXvddiGVDfVPpPJG0Q7BnAcAisEeABDmBM9bXQGWigM=
github.com/AllenDang/go-findfont v0.0.0-20200702051237-9f180485aeb8 h1:dKZMqib/yUDoCFigmz2agG8geZ/e3iRq304/KJXqKyw=
github.com/AllenDang/go-findfont v0.0.0-20200702051237-9f180485aeb8/go.mod h1:b4uuDd0s6KRIPa84cEEchdQ9ICh7K0OryZHbSzMca9k=
github.com/AllenDang/imgui-go v1.12.1-0.20210920063948-69c005674767 h1:H/NTK6OVgzF6dbTKYmes4yB6EKJOpjnqCLeEBH0vTk0=
github.com/AllenDang/imgui-go v1.12.1-0.20210920063948-69c005674767/go.mod h1:2jS7bvvG+PejKdNu4eg2UYqx7Ky8IXGAhxOfjq9qTNk=
github.com/HACKERALERT/clipboard v0.1.5-0.20210716140604-61d96bf4fc94 h1:FNwFtZlPggOVFxx1IvUtBfCGZBR7OMhsmXygJAVHkzg=
github.com/HACKERALERT/clipboard v0.1.5-0.20210716140604-61d96bf4fc94/go.mod h1:kkjR9AGvIlIUJdjd/CBL1VfQvyPDE5kL31rAzY/r0s4=
github.com/HACKERALERT/dialog v0.0.0-20210716143851-223edea1d840 h1:7He527vRG3S8tVQHu+ZGl4cJ46JhjDk4/Iu1PevcE+Q=
github.com/HACKERALERT/dialog v0.0.0-20210716143851-223edea1d840/go.mod h1:oeUTfMKn6HhRJ+Lguhk21YAvURR/yk4OkeVcrHpUKbM=
github.com/HACKERALERT/infectious v0.0.0-20210829223857-06884e85204c h1:FUB7aoIFeydDvEhKPuf5OlVW39XrCr4p3ep7875GZ0E=
github.com/HACKERALERT/infectious v0.0.0-20210829223857-06884e85204c/go.mod h1:oVt+SrG1BewS+brKY73gwlmR2UeCQAk9eWfvJftWReQ=
github.com/HACKERALERT/jibber_jabber v0.0.0-20210819210536-54a4d27b5376 h1:8FNjZ8C+WOKpOlQe9vaTq3vBGC7zuFWCVvzkEE6DOHs=
github.com/HACKERALERT/jibber_jabber v0.0.0-20210819210536-54a4d27b5376/go.mod h1:LhYTEuww35ooZaTD3BIjp9CyZqwv++gAnanWXKdiWJ8=
github.com/HACKERALERT/serpent v0.0.0-20210716182301-293b29869c66 h1:YDpFq+y6mRcu97rn/rhYg8u8FdeO0wzTuLgM2gVkA+c=
github.com/HACKERALERT/serpent v0.0.0-20210716182301-293b29869c66/go.mod h1:d/+9q3sIxtIyOgHNgFGr3yGBKKVn5h3vL4hV1qlmoLs=
github.com/HACKERALERT/w32 v0.0.0-20210716142531-faa7189c4abf h1:L25UAtgOR6GC0TrLxaIx1Q3vUhd3SilulIPuEw+PkxI=
github.com/HACKERALERT/w32 v0.0.0-20210716142531-faa7189c4abf/go.mod h1:S+3Ad2AEm5MhhuHJeAaXUmyAXON0qFDxcP/Chw8q7+Y=
github.com/HACKERALERT/zxcvbn-go v0.0.0-20210927200100-f131a4666ad5 h1:cIW3wwoeZ6zru8VhdoGlZAinG+6ObzHx7BgQxUfhF34=
github.com/HACKERALERT/zxcvbn-go v0.0.0-20210927200100-f131a4666ad5/go.mod h1:nykydiYjCDMkF/2vQXSPM38vR5N9W1DITHvupnN+eOk=
github.com/davecgh/go-spew v1.1.0 h1:ZDRjVQ15GmhC3fiQ8ni8+OwkZQO4DARzQgrnXU1Liz8=
github.com/davecgh/go-spew v1.1.0/go.mod h1:J7Y8YcW2NihsgmVo/mv3lAwl/skON4iLHjSsI+c5H38=
github.com/faiface/mainthread v0.0.0-20171120011319-8b78f0a41ae3 h1:baVdMKlASEHrj19iqjARrPbaRisD7EuZEVJj6ZMLl1Q=
github.com/faiface/mainthread v0.0.0-20171120011319-8b78f0a41ae3/go.mod h1:VEPNJUlxl5KdWjDvz6Q1l+rJlxF2i6xqDeGuGAxa87M=
github.com/go-gl/gl v0.0.0-20210315015930-ae072cafe09d/go.mod h1:482civXOzJJCPzJ4ZOX/pwvXBWSnzD4OKMdH4ClKGbk=
github.com/go-gl/gl v0.0.0-20210813123233-e4099ee2221f/go.mod h1:wjpnOv6ONl2SuJSxqCPVaPZibGFdSci9HFocT9qtVYM=
github.com/go-gl/gl v0.0.0-20211025173605-bda47ffaa784 h1:1Zi56D0LNfvkzM+BdoxKryvUEdyWO7LP8oRT+oSYJW0=
github.com/go-gl/gl v0.0.0-20211025173605-bda47ffaa784/go.mod h1:9YTyiznxEY1fVinfM7RvRcjRHbw2xLBJ3AAGIT0I4Nw=
github.com/go-gl/glfw/v3.3/glfw v0.0.0-20210727001814-0db043d8d5be/go.mod h1:tQ2UAYgL5IevRw8kRxooKSPJfGvJ9fJQFa0TUsXzTg8=
github.com/go-gl/glfw/v3.3/glfw v0.0.0-20211024062804-40e447a793be h1:Z28GdQBfKOL8tNHjvaDn3wHDO7AzTRkmAXvHvnopp98=
github.com/go-gl/glfw/v3.3/glfw v0.0.0-20211024062804-40e447a793be/go.mod h1:tQ2UAYgL5IevRw8kRxooKSPJfGvJ9fJQFa0TUsXzTg8=
github.com/go-resty/resty/v2 v2.3.0/go.mod h1:UpN9CgLZNsv4e9XG50UU8xdI0F43UQ4HmxLBDwaroHU=
github.com/go-resty/resty/v2 v2.6.0 h1:joIR5PNLM2EFqqESUjCMGXrWmXNHEU9CEiK813oKYS4=
github.com/go-resty/resty/v2 v2.6.0/go.mod h1:PwvJS6hvaPkjtjNg9ph+VrSD92bi5Zq73w/BIH7cC3Q=
github.com/kylelemons/godebug v1.1.0 h1:RPNrshWIDI6G2gRW9EHilWtl7Z6Sb1BR0xunSBf0SNc=
github.com/kylelemons/godebug v1.1.0/go.mod h1:9/0rRGxNHcop5bhtWyNeEfOS8JIWk580+fNqagV/RAw=
github.com/pmezard/go-difflib v1.0.0 h1:4DBwDE0NGyQoBHbLQYPwSUPoCMWR5BEzIk/f1lZbAQM=
github.com/pmezard/go-difflib v1.0.0/go.mod h1:iKH77koFhYxTK1pcRnkKkqfTogsbg7gZNVY4sRDYZ/4=
github.com/sahilm/fuzzy v0.1.0 h1:FzWGaw2Opqyu+794ZQ9SYifWv2EIXpwP4q8dY1kDAwI=
github.com/sahilm/fuzzy v0.1.0/go.mod h1:VFvziUEIMCrT6A6tw2RFIXPXXmzXbOsSHF0DOI8ZK9Y=
github.com/stretchr/objx v0.1.0/go.mod h1:HFkY916IF+rwdDfMAkV7OtwuqBVzrE8GR6GFx+wExME=
github.com/stretchr/testify v1.7.0 h1:nwc3DEeHmmLAfoZucVR881uASk0Mfjw8xYJ99tb5CcY=
github.com/stretchr/testify v1.7.0/go.mod h1:6Fq8oRcR53rry900zMqJjRRixrwX3KX962/h/Wwjteg=
golang.org/x/crypto v0.0.0-20190308221718-c2843e01d9a2/go.mod h1:djNgcEr1/C05ACkg1iLfiJU5Ep61QUkGW8qpdssI0+w=
golang.org/x/crypto v0.0.0-20210817164053-32db794688a5 h1:HWj/xjIHfjYU5nVXpTM0s39J9CbLn7Cc5a7IC5rwsMQ=
golang.org/x/crypto v0.0.0-20210817164053-32db794688a5/go.mod h1:GvvjBRRGRdwPK5ydBHafDWAxML/pGHZbMvKqRZ5+Abc=
golang.org/x/net v0.0.0-20200513185701-a91f0712d120/go.mod h1:qpuaurCH72eLCgpAm/N6yyVIVM9cpaDIP3A8BGJEC5A=
golang.org/x/net v0.0.0-20210226172049-e18ecbb05110/go.mod h1:m0MpNAwzfU5UDzcl9v0D8zg8gWTRqZa9RBIspLL5mdg=
golang.org/x/net v0.0.0-20210405180319-a5a99cb37ef4/go.mod h1:p54w0d4576C0XHj96bSt6lcn1PtDYWL6XObtHCRCNQM=
golang.org/x/net v0.0.0-20211020060615-d418f374d309 h1:A0lJIi+hcTR6aajJH4YqKWwohY4aW9RO7oRMcdv+HKI=
golang.org/x/net v0.0.0-20211020060615-d418f374d309/go.mod h1:9nx3DQGgdP8bBQD5qxJ1jj9UTztislL4KSBs9R2vV5Y=
golang.org/x/sys v0.0.0-20190215142949-d0b11bdaac8a/go.mod h1:STP8DvDyc/dI5b8T5hshtkjS+E42TnysNCUPdjciGhY=
golang.org/x/sys v0.0.0-20200323222414-85ca7c5b95cd/go.mod h1:h1NjWce9XRLGQEsW7wpKNCjG9DtNlClVuFLEZdDNbEs=
golang.org/x/sys v0.0.0-20201119102817-f84b799fce68/go.mod h1:h1NjWce9XRLGQEsW7wpKNCjG9DtNlClVuFLEZdDNbEs=
golang.org/x/sys v0.0.0-20210330210617-4fbd30eecc44/go.mod h1:h1NjWce9XRLGQEsW7wpKNCjG9DtNlClVuFLEZdDNbEs=
golang.org/x/sys v0.0.0-20210423082822-04245dca01da/go.mod h1:h1NjWce9XRLGQEsW7wpKNCjG9DtNlClVuFLEZdDNbEs=
golang.org/x/sys v0.0.0-20210615035016-665e8c7367d1/go.mod h1:oPkhp1MJrh7nUepCBck5+mAzfO9JrbApNNgaTdGDITg=
golang.org/x/sys v0.0.0-20210823070655-63515b42dcdf h1:2ucpDCmfkl8Bd/FsLtiD653Wf96cW37s+iGx93zsu4k=
golang.org/x/sys v0.0.0-20210823070655-63515b42dcdf/go.mod h1:oPkhp1MJrh7nUepCBck5+mAzfO9JrbApNNgaTdGDITg=
golang.org/x/term v0.0.0-20201126162022-7de9c90e9dd1/go.mod h1:bj7SfCRtBDWHUb9snDiAeCFNEtKQo2Wmx5Cou7ajbmo=
golang.org/x/text v0.3.0/go.mod h1:NqM8EUOU14njkJ3fqMW+pc6Ldnwhi/IjpwHt7yyuwOQ=
golang.org/x/text v0.3.3/go.mod h1:5Zoc/QRtKVWzQhOtBMvqHzDpF6irO9z98xDceosuGiQ=
golang.org/x/text v0.3.6/go.mod h1:5Zoc/QRtKVWzQhOtBMvqHzDpF6irO9z98xDceosuGiQ=
golang.org/x/tools v0.0.0-20180917221912-90fa682c2a6e/go.mod h1:n7NCudcB/nEzxVGmLbDWY5pfWTLqBcC2KZ6jyYvM4mQ=
gopkg.in/check.v1 v0.0.0-20161208181325-20d25e280405/go.mod h1:Co6ibVJAznAaIkqp8huTwlJQCZ016jof/cbN4VW5Yz0=
gopkg.in/yaml.v3 v3.0.0-20200313102051-9f266ea9e77c h1:dUUwHk2QECo/6vqA44rthZ8ie2QXMNeKRTHCNY2nXvo=
gopkg.in/yaml.v3 v3.0.0-20200313102051-9f266ea9e77c/go.mod h1:K4uyk7z7BCEPqu6E+C64Yfv1cQ7kz7rIZviUmN+EgEM=
