github.com/HACKERALERT/clipboard v0.1.5-0.20211215214929-7345ba96aeca h1:yZj12M2feFkat7l0r7s7QnKjJ4Q6UZOwVHroR4kQ4Nk=
github.com/HACKERALERT/clipboard v0.1.5-0.20211215214929-7345ba96aeca/go.mod h1:kkjR9AGvIlIUJdjd/CBL1VfQvyPDE5kL31rAzY/r0s4=
github.com/HACKERALERT/dialog v0.0.0-20220328212608-24c44f67b0e0 h1:7sV1tRK6MnG0KOjllSxdUqNJrPt8rALIl2YRYun+i0w=
github.com/HACKERALERT/dialog v0.0.0-20220328212608-24c44f67b0e0/go.mod h1:GxPIEf2nKp6Gx+sdpjwTdFIGmW5kj6Jta7rRO50TgpU=
github.com/HACKERALERT/giu v0.5.7-0.20220328205809-0a3331212c4e h1:e4QFKc+4UAb2dp7owcKTBbONX5wKtMRaoFTGQuo+2w0=
github.com/HACKERALERT/giu v0.5.7-0.20220328205809-0a3331212c4e/go.mod h1:14TS/mXxDftq5keQiiYeEur3J5XLO31ti/aSjgg/z5s=
github.com/HACKERALERT/gl v0.0.0-20211216002416-e8bf2db61361 h1:NMPzcOu/LpfEUf0wRZlayjlU0345ujYOWZbVKsfL6g4=
github.com/HACKERALERT/gl v0.0.0-20211216002416-e8bf2db61361/go.mod h1:ZUosVzfEKNGLMLk6aj9yo0FSAhWWsbTMjuzeIUXniB0=
github.com/HACKERALERT/glfw/v3.3/glfw v0.0.0-20211216001154-d0da149b3bef h1:MWA48bM0uKSblAiB51YtMDWEBhJtX+s3HcjlUN7o8cE=
github.com/HACKERALERT/glfw/v3.3/glfw v0.0.0-20211216001154-d0da149b3bef/go.mod h1:aP+FSN9tk1W3UsQisFWxRLQ4WOF7T3niq68UYw0B150=
github.com/HACKERALERT/imgui-go v1.12.1-0.20220328205704-793c12595b34 h1:eyajQLApyaPWZHsJg4Cs2mRi4V1diQCytARGxTd/jD4=
github.com/HACKERALERT/imgui-go v1.12.1-0.20220328205704-793c12595b34/go.mod h1:Yo2L7QsU7d+Y6+Uput8+3AHYji0EFojRg4Sokun4Xb0=
github.com/HACKERALERT/infectious v0.0.0-20220327020438-3073de4d0e0a h1:Gqs+wdmHzVsT5HxrMfwNAWoDOnDQVlk/fNxtpsaQ+nw=
github.com/HACKERALERT/infectious v0.0.0-20220327020438-3073de4d0e0a/go.mod h1:xSuPEzKPGzUiAo1hlTjz/3e4iAjPzwGFGN7wyhy3CV8=
github.com/HACKERALERT/mainthread v0.0.0-20211027212305-2ec9e701cc14 h1:DwWXverhu/dEsPM/GPykuHGh4SxW69DaGZL5t3fANG4=
github.com/HACKERALERT/mainthread v0.0.0-20211027212305-2ec9e701cc14/go.mod h1:jW534e7roGur9mmzAfPxZLQzKXZ+GE5+XeS7PSyqPbo=
github.com/HACKERALERT/serpent v0.0.0-20210716182301-293b29869c66 h1:YDpFq+y6mRcu97rn/rhYg8u8FdeO0wzTuLgM2gVkA+c=
github.com/HACKERALERT/serpent v0.0.0-20210716182301-293b29869c66/go.mod h1:d/+9q3sIxtIyOgHNgFGr3yGBKKVn5h3vL4hV1qlmoLs=
github.com/HACKERALERT/w32 v0.0.0-20211215215707-4b84c2675d8d h1:Ey0tgsr4MbX64pkl7Di26yUUQGG3mmZw8gUWqhQeW5g=
github.com/HACKERALERT/w32 v0.0.0-20211215215707-4b84c2675d8d/go.mod h1:S+3Ad2AEm5MhhuHJeAaXUmyAXON0qFDxcP/Chw8q7+Y=
github.com/HACKERALERT/zxcvbn-go v0.0.0-20210927200100-f131a4666ad5 h1:cIW3wwoeZ6zru8VhdoGlZAinG+6ObzHx7BgQxUfhF34=
github.com/HACKERALERT/zxcvbn-go v0.0.0-20210927200100-f131a4666ad5/go.mod h1:nykydiYjCDMkF/2vQXSPM38vR5N9W1DITHvupnN+eOk=
golang.org/x/crypto v0.0.0-20220321153916-2c7772ba3064 h1:S25/rfnfsMVgORT4/J61MJ7rdyseOZOyvLIrZEZ7s6s=
golang.org/x/crypto v0.0.0-20220321153916-2c7772ba3064/go.mod h1:IxCIyHEi3zRg3s0A5j5BB6A9Jmi73HwBIUl50j+osU4=
golang.org/x/net v0.0.0-20211112202133-69e39bad7dc2/go.mod h1:9nx3DQGgdP8bBQD5qxJ1jj9UTztislL4KSBs9R2vV5Y=
golang.org/x/sys v0.0.0-20201119102817-f84b799fce68/go.mod h1:h1NjWce9XRLGQEsW7wpKNCjG9DtNlClVuFLEZdDNbEs=
golang.org/x/sys v0.0.0-20210423082822-04245dca01da/go.mod h1:h1NjWce9XRLGQEsW7wpKNCjG9DtNlClVuFLEZdDNbEs=
golang.org/x/sys v0.0.0-20210615035016-665e8c7367d1/go.mod h1:oPkhp1MJrh7nUepCBck5+mAzfO9JrbApNNgaTdGDITg=
golang.org/x/sys v0.0.0-20220325203850-36772127a21f h1:TrmogKRsSOxRMJbLYGrB4SBbW+LJcEllYBLME5Zk5pU=
golang.org/x/sys v0.0.0-20220325203850-36772127a21f/go.mod h1:oPkhp1MJrh7nUepCBck5+mAzfO9JrbApNNgaTdGDITg=
golang.org/x/term v0.0.0-20201126162022-7de9c90e9dd1/go.mod h1:bj7SfCRtBDWHUb9snDiAeCFNEtKQo2Wmx5Cou7ajbmo=
golang.org/x/text v0.3.6/go.mod h1:5Zoc/QRtKVWzQhOtBMvqHzDpF6irO9z98xDceosuGiQ=
golang.org/x/tools v0.0.0-20180917221912-90fa682c2a6e/go.mod h1:n7NCudcB/nEzxVGmLbDWY5pfWTLqBcC2KZ6jyYvM4mQ=
