github.com/HACKERALERT/clipboard v0.1.5-0.20211215214929-7345ba96aeca h1:yZj12M2feFkat7l0r7s7QnKjJ4Q6UZOwVHroR4kQ4Nk=
github.com/HACKERALERT/clipboard v0.1.5-0.20211215214929-7345ba96aeca/go.mod h1:kkjR9AGvIlIUJdjd/CBL1VfQvyPDE5kL31rAzY/r0s4=
github.com/HACKERALERT/crypto v0.0.0-20220412024110-ba8732acd7e7 h1:vOy0zRm74+1hPiUJ6R2EQl+agZBo+KcGQR85OWCzEZQ=
github.com/HACKERALERT/crypto v0.0.0-20220412024110-ba8732acd7e7/go.mod h1:XjuRsuBwllqVRs7DqJrbpPeUsT3qebqANdKSBJnNn0s=
github.com/HACKERALERT/dialog v0.0.0-20220410221520-a9e6303eda42 h1:YdKzDcpjykZRSVQSah9gLMxY7H7DAbk+L/AHKypYwSI=
github.com/HACKERALERT/dialog v0.0.0-20220410221520-a9e6303eda42/go.mod h1:GxPIEf2nKp6Gx+sdpjwTdFIGmW5kj6Jta7rRO50TgpU=
github.com/HACKERALERT/giu v0.5.7-0.20220411212054-a37934efe9a9 h1:OkhEGzCEjVZ683etseTpDvewMXOjqkcnG6puAbX88hM=
github.com/HACKERALERT/giu v0.5.7-0.20220411212054-a37934efe9a9/go.mod h1:Mp6wVuSFEx2nI/XrHw7nce2aAh5nIbqIgozUbMVLlUs=
github.com/HACKERALERT/gl v0.0.0-20220411210853-402fdd216609 h1:AOJrzpVT3VYIpPH9BD0tXHBDMljK5FhORrz47Odc5/U=
github.com/HACKERALERT/gl v0.0.0-20220411210853-402fdd216609/go.mod h1:ZUosVzfEKNGLMLk6aj9yo0FSAhWWsbTMjuzeIUXniB0=
github.com/HACKERALERT/glfw/v3.3/glfw v0.0.0-20211216001154-d0da149b3bef h1:MWA48bM0uKSblAiB51YtMDWEBhJtX+s3HcjlUN7o8cE=
github.com/HACKERALERT/glfw/v3.3/glfw v0.0.0-20211216001154-d0da149b3bef/go.mod h1:aP+FSN9tk1W3UsQisFWxRLQ4WOF7T3niq68UYw0B150=
github.com/HACKERALERT/imgui-go v1.12.1-0.20220411211703-da7cd33ca753 h1:RfwDOJtKS2aQf4n5eGA3V8TGtmgmIwPuJThgkNa+p/o=
github.com/HACKERALERT/imgui-go v1.12.1-0.20220411211703-da7cd33ca753/go.mod h1:COMjMzefnK51DW+MwUfybQ/oCGv0zpGlP8fy6zr6oOs=
github.com/HACKERALERT/infectious v0.0.0-20220412021528-bb1303403749 h1:uZMOuYhLopMYH1E5JC4gMqWsp3aVhxUnOgvCH6cGMqo=
github.com/HACKERALERT/infectious v0.0.0-20220412021528-bb1303403749/go.mod h1:LInDG9bntPYtji6J+OLDZvv1OTWA5XpqXv19MBsWJrA=
github.com/HACKERALERT/mainthread v0.0.0-20211027212305-2ec9e701cc14 h1:DwWXverhu/dEsPM/GPykuHGh4SxW69DaGZL5t3fANG4=
github.com/HACKERALERT/mainthread v0.0.0-20211027212305-2ec9e701cc14/go.mod h1:jW534e7roGur9mmzAfPxZLQzKXZ+GE5+XeS7PSyqPbo=
github.com/HACKERALERT/serpent v0.0.0-20210716182301-293b29869c66 h1:YDpFq+y6mRcu97rn/rhYg8u8FdeO0wzTuLgM2gVkA+c=
github.com/HACKERALERT/serpent v0.0.0-20210716182301-293b29869c66/go.mod h1:d/+9q3sIxtIyOgHNgFGr3yGBKKVn5h3vL4hV1qlmoLs=
github.com/HACKERALERT/sys v0.0.0-20220412020404-2e09c491f471 h1:rs5CC+NDrugVI3SPqLafRNH6Ep1VFjOo9VOWtAV5++0=
github.com/HACKERALERT/sys v0.0.0-20220412020404-2e09c491f471/go.mod h1:I4esFWbCYc37CXVb+3qJHJiU43NGkLf66kNV/NDnXcU=
github.com/HACKERALERT/w32 v0.0.0-20211215215707-4b84c2675d8d h1:Ey0tgsr4MbX64pkl7Di26yUUQGG3mmZw8gUWqhQeW5g=
github.com/HACKERALERT/w32 v0.0.0-20211215215707-4b84c2675d8d/go.mod h1:S+3Ad2AEm5MhhuHJeAaXUmyAXON0qFDxcP/Chw8q7+Y=
github.com/HACKERALERT/zxcvbn-go v0.0.0-20210927200100-f131a4666ad5 h1:cIW3wwoeZ6zru8VhdoGlZAinG+6ObzHx7BgQxUfhF34=
github.com/HACKERALERT/zxcvbn-go v0.0.0-20210927200100-f131a4666ad5/go.mod h1:nykydiYjCDMkF/2vQXSPM38vR5N9W1DITHvupnN+eOk=
