github.com/HACKERALERT/crypto v0.0.0-20220905152506-aa0dd62d8f67 h1:4WfPIopYjvBjyDg0IET7mEj32kkihLmvFgwCOmldqK8=
github.com/HACKERALERT/crypto v0.0.0-20220905152506-aa0dd62d8f67/go.mod h1:qiHCxMDsCxX4QhXd3kDYWiNOR/DZQZ7nYO/f2OgWst0=
github.com/HACKERALERT/infectious v0.0.0-20220905152109-2c37b99f37ff h1:ertDhqhixxQJJPJIpn4wmSVs2fQ3tlSDNuiZ7jHCvEs=
github.com/HACKERALERT/infectious v0.0.0-20220905152109-2c37b99f37ff/go.mod h1:GwBVHbiXRUUciGfKWwm4GCL8FvMZBLHrQq23UXW/CU8=
github.com/HACKERALERT/sys v0.0.0-20220905150735-46e319fb60c9 h1:raqLJhvqDGk9L4dnJnO0tTV5Lyba2jhQcIHEle+o1dM=
github.com/HACKERALERT/sys v0.0.0-20220905150735-46e319fb60c9/go.mod h1:I4esFWbCYc37CXVb+3qJHJiU43NGkLf66kNV/NDnXcU=
